PODS:
  - CocoaAsyncSocket (7.6.5)
  - Highlightr (2.1.0)
  - macOSThemeKit (1.2.3)

DEPENDENCIES:
  - CocoaAsyncSocket (~> 7.6.5)
  - Highlightr
  - macOSThemeKit (~> 1.2.0)

SPEC REPOS:
  https://github.com/CocoaPods/Specs.git:
    - Highlightr
    - macOSThemeKit
  trunk:
    - CocoaAsyncSocket

SPEC CHECKSUMS:
  CocoaAsyncSocket: 065fd1e645c7abab64f7a6a2007a48038fdc6a99
  Highlightr: 595f3e100737c8de41113385da8bd0b5b65212c6
  macOSThemeKit: 651af12838675beac5547687226a270c294f8f84

PODFILE CHECKSUM: fd2838addd574ab3de052357257e22492a83adbc

COCOAPODS: 1.10.1
